
Microsoft Visual Studio Solution File, Format Version 12.00
# Visual Studio 15
VisualStudioVersion = 15.0.28307.168
MinimumVisualStudioVersion = 10.0.40219.1
Project("{8BC9CEB8-8B4A-11D0-8D11-00A0C91BC942}") = "WindowsAPI", "Engine\WinAPI\Default\WindowsAPI.vcxproj", "{7FA2D9DA-856F-43D0-BD12-83FFB0D12850}"
EndProject
Project("{8BC9CEB8-8B4A-11D0-8D11-00A0C91BC942}") = "Client", "Client\Default\Client.vcxproj", "{9F8AA73F-EBAD-4664-B4E3-7D49C6811A76}"
	ProjectSection(ProjectDependencies) = postProject
		{A2DA8470-AFA1-44D4-94F4-84B42594D79D} = {A2DA8470-AFA1-44D4-94F4-84B42594D79D}
		{2369E98E-F495-4626-A1EC-6EA2CE88531E} = {2369E98E-F495-4626-A1EC-6EA2CE88531E}
		{6CE3029E-459A-4E75-8EE4-1A5A88135C7B} = {6CE3029E-459A-4E75-8EE4-1A5A88135C7B}
		{7FA2D9DA-856F-43D0-BD12-83FFB0D12850} = {7FA2D9DA-856F-43D0-BD12-83FFB0D12850}
	EndProjectSection
EndProject
Project("{8BC9CEB8-8B4A-11D0-8D11-00A0C91BC942}") = "System", "Engine\System\Default\System.vcxproj", "{2369E98E-F495-4626-A1EC-6EA2CE88531E}"
EndProject
Project("{8BC9CEB8-8B4A-11D0-8D11-00A0C91BC942}") = "Architecture", "Engine\Architecture\Default\Architecture.vcxproj", "{6CE3029E-459A-4E75-8EE4-1A5A88135C7B}"
	ProjectSection(ProjectDependencies) = postProject
		{A2DA8470-AFA1-44D4-94F4-84B42594D79D} = {A2DA8470-AFA1-44D4-94F4-84B42594D79D}
		{2369E98E-F495-4626-A1EC-6EA2CE88531E} = {2369E98E-F495-4626-A1EC-6EA2CE88531E}
	EndProjectSection
EndProject
Project("{2150E333-8FDC-42A3-9474-1A3956D46DE8}") = "00.Client", "00.Client", "{ABF1DCEE-25FF-4738-9BCC-1F4C1897A61F}"
EndProject
Project("{2150E333-8FDC-42A3-9474-1A3956D46DE8}") = "01.Winapi", "01.Winapi", "{AB4BE697-985B-48C9-858A-2CE4D8154BC4}"
EndProject
Project("{2150E333-8FDC-42A3-9474-1A3956D46DE8}") = "02.DxSystem", "02.DxSystem", "{3BD0C097-6483-4F03-9A95-C6254CB2C24A}"
EndProject
Project("{2150E333-8FDC-42A3-9474-1A3956D46DE8}") = "03.Architecture", "03.Architecture", "{8C1C573C-912C-4AC8-8871-F34830E21A6C}"
EndProject
Project("{2150E333-8FDC-42A3-9474-1A3956D46DE8}") = "04.Component", "04.Component", "{695153F3-2F41-46FB-814C-7D95EFDEF4A9}"
EndProject
Project("{8BC9CEB8-8B4A-11D0-8D11-00A0C91BC942}") = "Components", "Engine\Components\Default\Components.vcxproj", "{A2DA8470-AFA1-44D4-94F4-84B42594D79D}"
	ProjectSection(ProjectDependencies) = postProject
		{2369E98E-F495-4626-A1EC-6EA2CE88531E} = {2369E98E-F495-4626-A1EC-6EA2CE88531E}
	EndProjectSection
EndProject
Global
	GlobalSection(SolutionConfigurationPlatforms) = preSolution
		Debug|x64 = Debug|x64
		Release|x64 = Release|x64
	EndGlobalSection
	GlobalSection(ProjectConfigurationPlatforms) = postSolution
		{7FA2D9DA-856F-43D0-BD12-83FFB0D12850}.Debug|x64.ActiveCfg = Debug|x64
		{7FA2D9DA-856F-43D0-BD12-83FFB0D12850}.Debug|x64.Build.0 = Debug|x64
		{7FA2D9DA-856F-43D0-BD12-83FFB0D12850}.Release|x64.ActiveCfg = Debug|x64
		{7FA2D9DA-856F-43D0-BD12-83FFB0D12850}.Release|x64.Build.0 = Debug|x64
		{9F8AA73F-EBAD-4664-B4E3-7D49C6811A76}.Debug|x64.ActiveCfg = Debug|x64
		{9F8AA73F-EBAD-4664-B4E3-7D49C6811A76}.Debug|x64.Build.0 = Debug|x64
		{9F8AA73F-EBAD-4664-B4E3-7D49C6811A76}.Release|x64.ActiveCfg = Debug|x64
		{9F8AA73F-EBAD-4664-B4E3-7D49C6811A76}.Release|x64.Build.0 = Debug|x64
		{2369E98E-F495-4626-A1EC-6EA2CE88531E}.Debug|x64.ActiveCfg = Debug|x64
		{2369E98E-F495-4626-A1EC-6EA2CE88531E}.Debug|x64.Build.0 = Debug|x64
		{2369E98E-F495-4626-A1EC-6EA2CE88531E}.Release|x64.ActiveCfg = Release|x64
		{2369E98E-F495-4626-A1EC-6EA2CE88531E}.Release|x64.Build.0 = Release|x64
		{6CE3029E-459A-4E75-8EE4-1A5A88135C7B}.Debug|x64.ActiveCfg = Debug|x64
		{6CE3029E-459A-4E75-8EE4-1A5A88135C7B}.Debug|x64.Build.0 = Debug|x64
		{6CE3029E-459A-4E75-8EE4-1A5A88135C7B}.Release|x64.ActiveCfg = Release|x64
		{6CE3029E-459A-4E75-8EE4-1A5A88135C7B}.Release|x64.Build.0 = Release|x64
		{A2DA8470-AFA1-44D4-94F4-84B42594D79D}.Debug|x64.ActiveCfg = Debug|x64
		{A2DA8470-AFA1-44D4-94F4-84B42594D79D}.Debug|x64.Build.0 = Debug|x64
		{A2DA8470-AFA1-44D4-94F4-84B42594D79D}.Release|x64.ActiveCfg = Release|x64
		{A2DA8470-AFA1-44D4-94F4-84B42594D79D}.Release|x64.Build.0 = Release|x64
	EndGlobalSection
	GlobalSection(SolutionProperties) = preSolution
		HideSolutionNode = FALSE
	EndGlobalSection
	GlobalSection(NestedProjects) = preSolution
		{7FA2D9DA-856F-43D0-BD12-83FFB0D12850} = {AB4BE697-985B-48C9-858A-2CE4D8154BC4}
		{9F8AA73F-EBAD-4664-B4E3-7D49C6811A76} = {ABF1DCEE-25FF-4738-9BCC-1F4C1897A61F}
		{2369E98E-F495-4626-A1EC-6EA2CE88531E} = {3BD0C097-6483-4F03-9A95-C6254CB2C24A}
		{6CE3029E-459A-4E75-8EE4-1A5A88135C7B} = {8C1C573C-912C-4AC8-8871-F34830E21A6C}
		{A2DA8470-AFA1-44D4-94F4-84B42594D79D} = {695153F3-2F41-46FB-814C-7D95EFDEF4A9}
	EndGlobalSection
	GlobalSection(ExtensibilityGlobals) = postSolution
		SolutionGuid = {529E16EC-582C-49E0-B361-FB08B7EF7EF3}
	EndGlobalSection
EndGlobal
