<?xml version="1.0" encoding="utf-8"?>
<Project ToolsVersion="4.0" xmlns="http://schemas.microsoft.com/developer/msbuild/2003">
  <ItemGroup>
    <Filter Include="99.Default">
      <UniqueIdentifier>{130e0530-e2af-4f31-968b-a63aaa2e3a6a}</UniqueIdentifier>
    </Filter>
    <Filter Include="99.Default\리소스 파일">
      <UniqueIdentifier>{67DA6AB6-F800-4c08-8B7A-83BB121AAD01}</UniqueIdentifier>
      <Extensions>rc;ico;cur;bmp;dlg;rc2;rct;bin;rgs;gif;jpg;jpeg;jpe;resx;tiff;tif;png;wav;mfcribbon-ms</Extensions>
    </Filter>
    <Filter Include="99.Default\소스 파일">
      <UniqueIdentifier>{4FC737F1-C7A5-4376-A066-2A32D752A2FF}</UniqueIdentifier>
      <Extensions>cpp;c;cc;cxx;def;odl;idl;hpj;bat;asm;asmx</Extensions>
    </Filter>
    <Filter Include="99.Default\헤더 파일">
      <UniqueIdentifier>{93995380-89BD-4b04-88EB-625FBE52EBFB}</UniqueIdentifier>
      <Extensions>h;hh;hpp;hxx;hm;inl;inc;ipp;xsd</Extensions>
    </Filter>
    <Filter Include="00.Main">
      <UniqueIdentifier>{36afd9ee-b0f9-4eac-baad-322d3d124fd3}</UniqueIdentifier>
    </Filter>
    <Filter Include="98.Import">
      <UniqueIdentifier>{0f3a4ba5-5a92-44b0-86d1-3d7b90805759}</UniqueIdentifier>
    </Filter>
    <Filter Include="01.Windows">
      <UniqueIdentifier>{0d6e3eeb-ab8e-4f7d-92d6-93c012c872f4}</UniqueIdentifier>
    </Filter>
    <Filter Include="01.Window">
      <UniqueIdentifier>{a44ded72-ba41-413b-b45e-788b797f9ead}</UniqueIdentifier>
    </Filter>
    <Filter Include="01.Window\00.MainWnd">
      <UniqueIdentifier>{576888a7-72ab-475f-b7ec-1be08d57bfdd}</UniqueIdentifier>
    </Filter>
  </ItemGroup>
  <ItemGroup>
    <ClInclude Include="stdafx.h">
      <Filter>99.Default\헤더 파일</Filter>
    </ClInclude>
    <ClInclude Include="targetver.h">
      <Filter>99.Default\헤더 파일</Filter>
    </ClInclude>
    <ClInclude Include="Resource.h">
      <Filter>99.Default\헤더 파일</Filter>
    </ClInclude>
    <ClInclude Include="..\Headers\ImportLib.h">
      <Filter>98.Import</Filter>
    </ClInclude>
    <ClInclude Include="..\Headers\ImportHeaders.h">
      <Filter>98.Import</Filter>
    </ClInclude>
    <ClInclude Include="..\Headers\Main.h">
      <Filter>00.Main</Filter>
    </ClInclude>
    <ClInclude Include="..\Headers\GenericHeader.h">
      <Filter>99.Default\헤더 파일</Filter>
    </ClInclude>
    <ClInclude Include="..\Headers\Derived_MainWnd.h">
      <Filter>01.Window\00.MainWnd</Filter>
    </ClInclude>
  </ItemGroup>
  <ItemGroup>
    <ClCompile Include="stdafx.cpp">
      <Filter>99.Default\소스 파일</Filter>
    </ClCompile>
    <ClCompile Include="..\source\Main.cpp">
      <Filter>00.Main</Filter>
    </ClCompile>
    <ClCompile Include="..\source\Derived_MainWnd.cpp">
      <Filter>01.Window\00.MainWnd</Filter>
    </ClCompile>
  </ItemGroup>
  <ItemGroup>
    <ResourceCompile Include="Client.rc">
      <Filter>99.Default\리소스 파일</Filter>
    </ResourceCompile>
  </ItemGroup>
  <ItemGroup>
    <Image Include="small.ico">
      <Filter>99.Default\리소스 파일</Filter>
    </Image>
    <Image Include="Client.ico">
      <Filter>99.Default\리소스 파일</Filter>
    </Image>
  </ItemGroup>
  <ItemGroup>
    <None Include="packages.config" />
  </ItemGroup>
</Project>